
Microsoft Visual Studio Solution File, Format Version 12.00
# Visual Studio Version 16
VisualStudioVersion = 16.0.29519.181
MinimumVisualStudioVersion = 10.0.40219.1
Project("{FAE04EC0-301F-11D3-BF4B-00C04F79EFBC}") = "FileOperationApplication", "FileOperationApplication.csproj", "{80B52985-E109-4AD1-8AC1-CA57D71C768F}"
EndProject
Global
	GlobalSection(SolutionConfigurationPlatforms) = preSolution
		Debug|Any CPU = Debug|Any CPU
		Release|Any CPU = Release|Any CPU
	EndGlobalSection
	GlobalSection(ProjectConfigurationPlatforms) = postSolution
		{80B52985-E109-4AD1-8AC1-CA57D71C768F}.Debug|Any CPU.ActiveCfg = Debug|Any CPU
		{80B52985-E109-4AD1-8AC1-CA57D71C768F}.Debug|Any CPU.Build.0 = Debug|Any CPU
		{80B52985-E109-4AD1-8AC1-CA57D71C768F}.Release|Any CPU.ActiveCfg = Release|Any CPU
		{80B52985-E109-4AD1-8AC1-CA57D71C768F}.Release|Any CPU.Build.0 = Release|Any CPU
	EndGlobalSection
	GlobalSection(SolutionProperties) = preSolution
		HideSolutionNode = FALSE
	EndGlobalSection
	GlobalSection(ExtensibilityGlobals) = postSolution
		SolutionGuid = {1B8C146E-F09C-4673-B59B-BB3DAF6B2443}
	EndGlobalSection
EndGlobal
