
Microsoft Visual Studio Solution File, Format Version 12.00
# Visual Studio Version 16
VisualStudioVersion = 16.0.29519.181
MinimumVisualStudioVersion = 10.0.40219.1
Project("{FAE04EC0-301F-11D3-BF4B-00C04F79EFBC}") = "GenericStack", "GenericStack.csproj", "{53598B0D-6F5E-45D3-9D7A-B15B51F9E300}"
EndProject
Global
	GlobalSection(SolutionConfigurationPlatforms) = preSolution
		Debug|Any CPU = Debug|Any CPU
		Release|Any CPU = Release|Any CPU
	EndGlobalSection
	GlobalSection(ProjectConfigurationPlatforms) = postSolution
		{53598B0D-6F5E-45D3-9D7A-B15B51F9E300}.Debug|Any CPU.ActiveCfg = Debug|Any CPU
		{53598B0D-6F5E-45D3-9D7A-B15B51F9E300}.Debug|Any CPU.Build.0 = Debug|Any CPU
		{53598B0D-6F5E-45D3-9D7A-B15B51F9E300}.Release|Any CPU.ActiveCfg = Release|Any CPU
		{53598B0D-6F5E-45D3-9D7A-B15B51F9E300}.Release|Any CPU.Build.0 = Release|Any CPU
	EndGlobalSection
	GlobalSection(SolutionProperties) = preSolution
		HideSolutionNode = FALSE
	EndGlobalSection
	GlobalSection(ExtensibilityGlobals) = postSolution
		SolutionGuid = {B0F866F4-3A7E-474A-8A43-FEF7F993B6BA}
	EndGlobalSection
EndGlobal
