
Microsoft Visual Studio Solution File, Format Version 12.00
# Visual Studio Version 16
VisualStudioVersion = 16.0.29519.181
MinimumVisualStudioVersion = 10.0.40219.1
Project("{FAE04EC0-301F-11D3-BF4B-00C04F79EFBC}") = "TwoDimensionalArray", "TwoDimensionalArray.csproj", "{01BD7D23-70BB-4DE4-950C-23CB37F27D15}"
EndProject
Global
	GlobalSection(SolutionConfigurationPlatforms) = preSolution
		Debug|Any CPU = Debug|Any CPU
		Release|Any CPU = Release|Any CPU
	EndGlobalSection
	GlobalSection(ProjectConfigurationPlatforms) = postSolution
		{01BD7D23-70BB-4DE4-950C-23CB37F27D15}.Debug|Any CPU.ActiveCfg = Debug|Any CPU
		{01BD7D23-70BB-4DE4-950C-23CB37F27D15}.Debug|Any CPU.Build.0 = Debug|Any CPU
		{01BD7D23-70BB-4DE4-950C-23CB37F27D15}.Release|Any CPU.ActiveCfg = Release|Any CPU
		{01BD7D23-70BB-4DE4-950C-23CB37F27D15}.Release|Any CPU.Build.0 = Release|Any CPU
	EndGlobalSection
	GlobalSection(SolutionProperties) = preSolution
		HideSolutionNode = FALSE
	EndGlobalSection
	GlobalSection(ExtensibilityGlobals) = postSolution
		SolutionGuid = {FC5A607F-E949-41BB-9BC0-A4FBC0A07A1D}
	EndGlobalSection
EndGlobal
